{
    "_meta": {
        "hash": {
            "sha256": "36b09f607dc2fe65511b5262ffad632baacbde06bcaf533750ee39feb94dd04f"
        },
        "pipfile-spec": 6,
        "requires": {
            "python_version": "3.9"
        },
        "sources": [
            {
                "name": "pypi",
                "url": "https://pypi.org/simple",
                "verify_ssl": true
            }
        ]
    },
    "default": {
        "python-vlc": {
            "hashes": [
                "sha256:566f2f7c303f6800851cacc016df1c6eeec094ad63e0a49d87db9d698094f1fb",
                "sha256:f88be06c6f819a4db2de1c586b193b5df1410ff10fca33b8c6f4e56037c46f7b"
            ],
            "index": "pypi",
            "version": "==3.0.12118"
        }
    },
    "develop": {}
}
